
Microsoft Visual Studio Solution File, Format Version 12.00
# Visual Studio 15
VisualStudioVersion = 15.0.28307.539
MinimumVisualStudioVersion = 10.0.40219.1
Project("{FAE04EC0-301F-11D3-BF4B-00C04F79EFBC}") = "WpfApp4", "WpfApp4\WpfApp4.csproj", "{973855A9-EF80-4133-A109-3000D02120FC}"
EndProject
Global
	GlobalSection(SolutionConfigurationPlatforms) = preSolution
		Debug|Any CPU = Debug|Any CPU
		Release|Any CPU = Release|Any CPU
	EndGlobalSection
	GlobalSection(ProjectConfigurationPlatforms) = postSolution
		{973855A9-EF80-4133-A109-3000D02120FC}.Debug|Any CPU.ActiveCfg = Debug|Any CPU
		{973855A9-EF80-4133-A109-3000D02120FC}.Debug|Any CPU.Build.0 = Debug|Any CPU
		{973855A9-EF80-4133-A109-3000D02120FC}.Release|Any CPU.ActiveCfg = Release|Any CPU
		{973855A9-EF80-4133-A109-3000D02120FC}.Release|Any CPU.Build.0 = Release|Any CPU
	EndGlobalSection
	GlobalSection(SolutionProperties) = preSolution
		HideSolutionNode = FALSE
	EndGlobalSection
	GlobalSection(ExtensibilityGlobals) = postSolution
		SolutionGuid = {8491F9D8-A95B-40DC-957C-B84B5679ACA2}
	EndGlobalSection
EndGlobal
